PODS:
  - HTestVC (1.2.1)
  - WechatOpenSDK (1.7.9)
  - WeiboSDK (3.1.3)
  - ZSCategories (0.0.2):
    - ZSCategories/All (= 0.0.2)
  - ZSCategories/All (0.0.2):
    - ZSCategories/NS-Category
  - ZSCategories/NS-Category (0.0.2)
  - ZSQQSDK (0.0.1)

DEPENDENCIES:
  - HTestVC
  - WechatOpenSDK
  - WeiboSDK
  - ZSCategories (~> 0.0.2)
  - ZSQQSDK (~> 0.0.1)

SPEC REPOS:
  https://github.com/caterpillarFly/ZSRepo:
    - ZSCategories
    - ZSQQSDK
  https://github.com/cocoapods/specs.git:
    - HTestVC
    - WechatOpenSDK
    - WeiboSDK

SPEC CHECKSUMS:
  HTestVC: 3205dc5c488a235b449f907b961802619a842090
  WechatOpenSDK: 1fe7e3b07db860d6a936c3ff4a5aba6b890958d9
  WeiboSDK: acb067053668102cf07d01aa7604350162c2e466
  ZSCategories: abebb02b98e72fd4195fa3d7e2a1a8bc59cfecac
  ZSQQSDK: ea3f8bcfdf20f5344a65780f44d291b9b576fd3a

PODFILE CHECKSUM: e87cafa2b560f1a3dac1296dbef92666c87fd4d8

COCOAPODS: 1.5.3
